
Microsoft Visual Studio Solution File, Format Version 12.00
# Visual Studio Version 17
VisualStudioVersion = 17.9.34728.123
MinimumVisualStudioVersion = 10.0.40219.1
Project("{8BC9CEB8-8B4A-11D0-8D11-00A0C91BC942}") = "3D-Renderer-Vulkan", "3D-Renderer-Vulkan.vcxproj", "{70DA9C98-C399-46DA-A0E7-37C966405120}"
EndProject
Global
	GlobalSection(SolutionConfigurationPlatforms) = preSolution
		GL_DEBUG|x64 = GL_DEBUG|x64
		GL_DEBUG|x86 = GL_DEBUG|x86
		GL_REL|x64 = GL_REL|x64
		GL_REL|x86 = GL_REL|x86
		VK_DEBUG|x64 = VK_DEBUG|x64
		VK_DEBUG|x86 = VK_DEBUG|x86
		VK_REL|x64 = VK_REL|x64
		VK_REL|x86 = VK_REL|x86
	EndGlobalSection
	GlobalSection(ProjectConfigurationPlatforms) = postSolution
		{70DA9C98-C399-46DA-A0E7-37C966405120}.GL_DEBUG|x64.ActiveCfg = GL_DEBUG|x64
		{70DA9C98-C399-46DA-A0E7-37C966405120}.GL_DEBUG|x64.Build.0 = GL_DEBUG|x64
		{70DA9C98-C399-46DA-A0E7-37C966405120}.GL_DEBUG|x86.ActiveCfg = GL_DEBUG|Win32
		{70DA9C98-C399-46DA-A0E7-37C966405120}.GL_DEBUG|x86.Build.0 = GL_DEBUG|Win32
		{70DA9C98-C399-46DA-A0E7-37C966405120}.GL_REL|x64.ActiveCfg = GL_REL|x64
		{70DA9C98-C399-46DA-A0E7-37C966405120}.GL_REL|x64.Build.0 = GL_REL|x64
		{70DA9C98-C399-46DA-A0E7-37C966405120}.GL_REL|x86.ActiveCfg = GL_REL|Win32
		{70DA9C98-C399-46DA-A0E7-37C966405120}.GL_REL|x86.Build.0 = GL_REL|Win32
		{70DA9C98-C399-46DA-A0E7-37C966405120}.VK_DEBUG|x64.ActiveCfg = VK_DEBUG|x64
		{70DA9C98-C399-46DA-A0E7-37C966405120}.VK_DEBUG|x64.Build.0 = VK_DEBUG|x64
		{70DA9C98-C399-46DA-A0E7-37C966405120}.VK_DEBUG|x86.ActiveCfg = VK_DEBUG|Win32
		{70DA9C98-C399-46DA-A0E7-37C966405120}.VK_DEBUG|x86.Build.0 = VK_DEBUG|Win32
		{70DA9C98-C399-46DA-A0E7-37C966405120}.VK_REL|x64.ActiveCfg = VK_REL|x64
		{70DA9C98-C399-46DA-A0E7-37C966405120}.VK_REL|x64.Build.0 = VK_REL|x64
		{70DA9C98-C399-46DA-A0E7-37C966405120}.VK_REL|x86.ActiveCfg = VK_REL|Win32
		{70DA9C98-C399-46DA-A0E7-37C966405120}.VK_REL|x86.Build.0 = VK_REL|Win32
	EndGlobalSection
	GlobalSection(SolutionProperties) = preSolution
		HideSolutionNode = FALSE
	EndGlobalSection
	GlobalSection(ExtensibilityGlobals) = postSolution
		SolutionGuid = {A6E6B463-2744-44B2-A3F5-55EB4058461F}
	EndGlobalSection
EndGlobal
